
Microsoft Visual Studio Solution File, Format Version 12.00
# Visual Studio Version 17
VisualStudioVersion = 17.14.36518.9 d17.14
MinimumVisualStudioVersion = 10.0.40219.1
Project("{9A19103F-16F7-4668-BE54-9A1E7A4F7556}") = "NewHMIProject1", "NewHMIProject1.csproj", "{EAADA8C0-3EFA-9CD0-9567-17064EC6A5E2}"
EndProject
Global
	GlobalSection(SolutionConfigurationPlatforms) = preSolution
		Debug|Any CPU = Debug|Any CPU
		Release|Any CPU = Release|Any CPU
	EndGlobalSection
	GlobalSection(ProjectConfigurationPlatforms) = postSolution
		{EAADA8C0-3EFA-9CD0-9567-17064EC6A5E2}.Debug|Any CPU.ActiveCfg = Debug|Any CPU
		{EAADA8C0-3EFA-9CD0-9567-17064EC6A5E2}.Debug|Any CPU.Build.0 = Debug|Any CPU
		{EAADA8C0-3EFA-9CD0-9567-17064EC6A5E2}.Release|Any CPU.ActiveCfg = Release|Any CPU
		{EAADA8C0-3EFA-9CD0-9567-17064EC6A5E2}.Release|Any CPU.Build.0 = Release|Any CPU
	EndGlobalSection
	GlobalSection(SolutionProperties) = preSolution
		HideSolutionNode = FALSE
	EndGlobalSection
EndGlobal
